
Microsoft Visual Studio Solution File, Format Version 12.00
# Visual Studio 15
VisualStudioVersion = 15.0.27130.2027
MinimumVisualStudioVersion = 10.0.40219.1
Project("{9A19103F-16F7-4668-BE54-9A1E7A4F7556}") = "backend", "backend\backend.csproj", "{83841EAD-5DC0-4E45-AEF0-AEA0AAD9D143}"
EndProject
Project("{E53339B2-1760-4266-BCC7-CA923CBCF16C}") = "docker-compose", "docker-compose.dcproj", "{A47A402B-259D-4884-B873-2E690C6099CD}"
EndProject
Project("{9A19103F-16F7-4668-BE54-9A1E7A4F7556}") = "Models", "Models\Models.csproj", "{2D4A6872-B1ED-4076-A2EC-22563B3C0883}"
EndProject
Project("{FAE04EC0-301F-11D3-BF4B-00C04F79EFBC}") = "backend.test", "backend.test\backend.test.csproj", "{BA37A71A-C82D-4877-822A-16C4345837A3}"
EndProject
Global
	GlobalSection(SolutionConfigurationPlatforms) = preSolution
		Debug|Any CPU = Debug|Any CPU
		Release|Any CPU = Release|Any CPU
	EndGlobalSection
	GlobalSection(ProjectConfigurationPlatforms) = postSolution
		{83841EAD-5DC0-4E45-AEF0-AEA0AAD9D143}.Debug|Any CPU.ActiveCfg = Debug|Any CPU
		{83841EAD-5DC0-4E45-AEF0-AEA0AAD9D143}.Debug|Any CPU.Build.0 = Debug|Any CPU
		{83841EAD-5DC0-4E45-AEF0-AEA0AAD9D143}.Release|Any CPU.ActiveCfg = Release|Any CPU
		{83841EAD-5DC0-4E45-AEF0-AEA0AAD9D143}.Release|Any CPU.Build.0 = Release|Any CPU
		{A47A402B-259D-4884-B873-2E690C6099CD}.Debug|Any CPU.ActiveCfg = Debug|Any CPU
		{A47A402B-259D-4884-B873-2E690C6099CD}.Debug|Any CPU.Build.0 = Debug|Any CPU
		{A47A402B-259D-4884-B873-2E690C6099CD}.Release|Any CPU.ActiveCfg = Release|Any CPU
		{A47A402B-259D-4884-B873-2E690C6099CD}.Release|Any CPU.Build.0 = Release|Any CPU
		{2D4A6872-B1ED-4076-A2EC-22563B3C0883}.Debug|Any CPU.ActiveCfg = Debug|Any CPU
		{2D4A6872-B1ED-4076-A2EC-22563B3C0883}.Debug|Any CPU.Build.0 = Debug|Any CPU
		{2D4A6872-B1ED-4076-A2EC-22563B3C0883}.Release|Any CPU.ActiveCfg = Release|Any CPU
		{2D4A6872-B1ED-4076-A2EC-22563B3C0883}.Release|Any CPU.Build.0 = Release|Any CPU
		{BA37A71A-C82D-4877-822A-16C4345837A3}.Debug|Any CPU.ActiveCfg = Debug|Any CPU
		{BA37A71A-C82D-4877-822A-16C4345837A3}.Debug|Any CPU.Build.0 = Debug|Any CPU
		{BA37A71A-C82D-4877-822A-16C4345837A3}.Release|Any CPU.ActiveCfg = Release|Any CPU
		{BA37A71A-C82D-4877-822A-16C4345837A3}.Release|Any CPU.Build.0 = Release|Any CPU
	EndGlobalSection
	GlobalSection(SolutionProperties) = preSolution
		HideSolutionNode = FALSE
	EndGlobalSection
	GlobalSection(ExtensibilityGlobals) = postSolution
		SolutionGuid = {4008B770-3A67-48DB-9C3A-444A1E538B85}
	EndGlobalSection
EndGlobal
